<Solution>
  <Folder Name="/Solution Items/">
    <File Path="IMPLEMENTATION_PLAN.md" />
  </Folder>
  <Project Path="Application/Application.csproj" />
  <Project Path="Domain/Domain.csproj" />
  <Project Path="Infrastructure/Infrastructure.csproj" />
  <Project Path="Web/Web.csproj" />
</Solution>
